
Microsoft Visual Studio Solution File, Format Version 12.00
# Visual Studio 14
VisualStudioVersion = 14.0.25420.1
MinimumVisualStudioVersion = 10.0.40219.1
Project("{8BC9CEB8-8B4A-11D0-8D11-00A0C91BC942}") = "MonkeyRay", "MonkeyRay\MonkeyRay.vcxproj", "{AC081877-D117-4C66-9B9C-0E9C74942A77}"
EndProject
Project("{8BC9CEB8-8B4A-11D0-8D11-00A0C91BC942}") = "Test", "Test\Test.vcxproj", "{BFC41179-77E7-47BD-9886-D81571560728}"
EndProject
Project("{8BC9CEB8-8B4A-11D0-8D11-00A0C91BC942}") = "MonkeyRayGUI", "MonkeyRayGUI\MonkeyRayGUI.vcxproj", "{B12702AD-ABFB-343A-A199-8E24837244A3}"
EndProject
Project("{8BC9CEB8-8B4A-11D0-8D11-00A0C91BC942}") = "CodeStatistics", "CodeStatistics\CodeStatistics.vcxproj", "{0C9E550B-CABC-419C-993C-FD38821C0F05}"
EndProject
Project("{8BC9CEB8-8B4A-11D0-8D11-00A0C91BC942}") = "Smallpt", "Smallpt\Smallpt.vcxproj", "{E7C2E060-876A-4DCA-B05B-4317830B78BC}"
EndProject
Project("{8BC9CEB8-8B4A-11D0-8D11-00A0C91BC942}") = "MonkeyRaySoftwareRasterization", "MonkeyRaySoftwareRasterization\MonkeyRaySoftwareRasterization.vcxproj", "{7A7BB785-44E0-46DA-979E-60F24DFB253F}"
EndProject
Project("{8BC9CEB8-8B4A-11D0-8D11-00A0C91BC942}") = "LearnOpenGL", "LearnOpenGL\LearnOpenGL.vcxproj", "{1DADA8BD-D937-49BB-BC6D-0EBA9248879B}"
EndProject
Global
	GlobalSection(SolutionConfigurationPlatforms) = preSolution
		Debug|x64 = Debug|x64
		Debug|x86 = Debug|x86
		Release|x64 = Release|x64
		Release|x86 = Release|x86
	EndGlobalSection
	GlobalSection(ProjectConfigurationPlatforms) = postSolution
		{AC081877-D117-4C66-9B9C-0E9C74942A77}.Debug|x64.ActiveCfg = Debug|x64
		{AC081877-D117-4C66-9B9C-0E9C74942A77}.Debug|x64.Build.0 = Debug|x64
		{AC081877-D117-4C66-9B9C-0E9C74942A77}.Debug|x86.ActiveCfg = Debug|Win32
		{AC081877-D117-4C66-9B9C-0E9C74942A77}.Debug|x86.Build.0 = Debug|Win32
		{AC081877-D117-4C66-9B9C-0E9C74942A77}.Release|x64.ActiveCfg = Release|x64
		{AC081877-D117-4C66-9B9C-0E9C74942A77}.Release|x64.Build.0 = Release|x64
		{AC081877-D117-4C66-9B9C-0E9C74942A77}.Release|x86.ActiveCfg = Release|Win32
		{AC081877-D117-4C66-9B9C-0E9C74942A77}.Release|x86.Build.0 = Release|Win32
		{BFC41179-77E7-47BD-9886-D81571560728}.Debug|x64.ActiveCfg = Debug|x64
		{BFC41179-77E7-47BD-9886-D81571560728}.Debug|x64.Build.0 = Debug|x64
		{BFC41179-77E7-47BD-9886-D81571560728}.Debug|x86.ActiveCfg = Debug|Win32
		{BFC41179-77E7-47BD-9886-D81571560728}.Debug|x86.Build.0 = Debug|Win32
		{BFC41179-77E7-47BD-9886-D81571560728}.Release|x64.ActiveCfg = Release|x64
		{BFC41179-77E7-47BD-9886-D81571560728}.Release|x64.Build.0 = Release|x64
		{BFC41179-77E7-47BD-9886-D81571560728}.Release|x86.ActiveCfg = Release|Win32
		{BFC41179-77E7-47BD-9886-D81571560728}.Release|x86.Build.0 = Release|Win32
		{B12702AD-ABFB-343A-A199-8E24837244A3}.Debug|x64.ActiveCfg = Debug|x64
		{B12702AD-ABFB-343A-A199-8E24837244A3}.Debug|x64.Build.0 = Debug|x64
		{B12702AD-ABFB-343A-A199-8E24837244A3}.Debug|x86.ActiveCfg = Debug|Win32
		{B12702AD-ABFB-343A-A199-8E24837244A3}.Debug|x86.Build.0 = Debug|Win32
		{B12702AD-ABFB-343A-A199-8E24837244A3}.Release|x64.ActiveCfg = Release|x64
		{B12702AD-ABFB-343A-A199-8E24837244A3}.Release|x64.Build.0 = Release|x64
		{B12702AD-ABFB-343A-A199-8E24837244A3}.Release|x86.ActiveCfg = Release|Win32
		{B12702AD-ABFB-343A-A199-8E24837244A3}.Release|x86.Build.0 = Release|Win32
		{0C9E550B-CABC-419C-993C-FD38821C0F05}.Debug|x64.ActiveCfg = Debug|x64
		{0C9E550B-CABC-419C-993C-FD38821C0F05}.Debug|x64.Build.0 = Debug|x64
		{0C9E550B-CABC-419C-993C-FD38821C0F05}.Debug|x86.ActiveCfg = Debug|Win32
		{0C9E550B-CABC-419C-993C-FD38821C0F05}.Debug|x86.Build.0 = Debug|Win32
		{0C9E550B-CABC-419C-993C-FD38821C0F05}.Release|x64.ActiveCfg = Release|x64
		{0C9E550B-CABC-419C-993C-FD38821C0F05}.Release|x64.Build.0 = Release|x64
		{0C9E550B-CABC-419C-993C-FD38821C0F05}.Release|x86.ActiveCfg = Release|Win32
		{0C9E550B-CABC-419C-993C-FD38821C0F05}.Release|x86.Build.0 = Release|Win32
		{E7C2E060-876A-4DCA-B05B-4317830B78BC}.Debug|x64.ActiveCfg = Debug|x64
		{E7C2E060-876A-4DCA-B05B-4317830B78BC}.Debug|x64.Build.0 = Debug|x64
		{E7C2E060-876A-4DCA-B05B-4317830B78BC}.Debug|x86.ActiveCfg = Debug|Win32
		{E7C2E060-876A-4DCA-B05B-4317830B78BC}.Debug|x86.Build.0 = Debug|Win32
		{E7C2E060-876A-4DCA-B05B-4317830B78BC}.Release|x64.ActiveCfg = Release|x64
		{E7C2E060-876A-4DCA-B05B-4317830B78BC}.Release|x64.Build.0 = Release|x64
		{E7C2E060-876A-4DCA-B05B-4317830B78BC}.Release|x86.ActiveCfg = Release|Win32
		{E7C2E060-876A-4DCA-B05B-4317830B78BC}.Release|x86.Build.0 = Release|Win32
		{7A7BB785-44E0-46DA-979E-60F24DFB253F}.Debug|x64.ActiveCfg = Debug|x64
		{7A7BB785-44E0-46DA-979E-60F24DFB253F}.Debug|x64.Build.0 = Debug|x64
		{7A7BB785-44E0-46DA-979E-60F24DFB253F}.Debug|x86.ActiveCfg = Debug|Win32
		{7A7BB785-44E0-46DA-979E-60F24DFB253F}.Debug|x86.Build.0 = Debug|Win32
		{7A7BB785-44E0-46DA-979E-60F24DFB253F}.Release|x64.ActiveCfg = Release|x64
		{7A7BB785-44E0-46DA-979E-60F24DFB253F}.Release|x64.Build.0 = Release|x64
		{7A7BB785-44E0-46DA-979E-60F24DFB253F}.Release|x86.ActiveCfg = Release|Win32
		{7A7BB785-44E0-46DA-979E-60F24DFB253F}.Release|x86.Build.0 = Release|Win32
		{1DADA8BD-D937-49BB-BC6D-0EBA9248879B}.Debug|x64.ActiveCfg = Debug|x64
		{1DADA8BD-D937-49BB-BC6D-0EBA9248879B}.Debug|x64.Build.0 = Debug|x64
		{1DADA8BD-D937-49BB-BC6D-0EBA9248879B}.Debug|x86.ActiveCfg = Debug|Win32
		{1DADA8BD-D937-49BB-BC6D-0EBA9248879B}.Debug|x86.Build.0 = Debug|Win32
		{1DADA8BD-D937-49BB-BC6D-0EBA9248879B}.Release|x64.ActiveCfg = Release|x64
		{1DADA8BD-D937-49BB-BC6D-0EBA9248879B}.Release|x64.Build.0 = Release|x64
		{1DADA8BD-D937-49BB-BC6D-0EBA9248879B}.Release|x86.ActiveCfg = Release|Win32
		{1DADA8BD-D937-49BB-BC6D-0EBA9248879B}.Release|x86.Build.0 = Release|Win32
	EndGlobalSection
	GlobalSection(SolutionProperties) = preSolution
		HideSolutionNode = FALSE
	EndGlobalSection
EndGlobal
