<?xml version="1.0" encoding="utf-8"?>
<Project ToolsVersion="4.0" xmlns="http://schemas.microsoft.com/developer/msbuild/2003">
  <ItemGroup>
    <Filter Include="源文件">
      <UniqueIdentifier>{4FC737F1-C7A5-4376-A066-2A32D752A2FF}</UniqueIdentifier>
      <Extensions>cpp;c;cc;cxx;def;odl;idl;hpj;bat;asm;asmx</Extensions>
    </Filter>
    <Filter Include="资源文件">
      <UniqueIdentifier>{67DA6AB6-F800-4c08-8B7A-83BB121AAD01}</UniqueIdentifier>
      <Extensions>rc;ico;cur;bmp;dlg;rc2;rct;bin;rgs;gif;jpg;jpeg;jpe;resx;tiff;tif;png;wav;mfcribbon-ms</Extensions>
    </Filter>
    <Filter Include="core">
      <UniqueIdentifier>{a222f163-3886-45b0-9ec5-cf7896eed9b5}</UniqueIdentifier>
    </Filter>
    <Filter Include="core\memory">
      <UniqueIdentifier>{0ac02db1-2d36-47a2-abf6-b014ed1e9c50}</UniqueIdentifier>
    </Filter>
    <Filter Include="core\memory\nedmalloc">
      <UniqueIdentifier>{9bac412b-0171-4825-aff1-99edcd56238b}</UniqueIdentifier>
    </Filter>
    <Filter Include="core\config">
      <UniqueIdentifier>{dd7e8a40-a6f3-4002-b877-9f8415fb6a02}</UniqueIdentifier>
    </Filter>
    <Filter Include="core\base">
      <UniqueIdentifier>{e2d11a10-06cc-4b54-a03b-51db09f7070a}</UniqueIdentifier>
    </Filter>
    <Filter Include="core\thread">
      <UniqueIdentifier>{5aeb576e-4226-45d1-9793-4eb01c8ddc45}</UniqueIdentifier>
    </Filter>
    <Filter Include="core\render">
      <UniqueIdentifier>{ddcfc461-5f32-4b21-b6c0-943294345271}</UniqueIdentifier>
    </Filter>
    <Filter Include="core\db">
      <UniqueIdentifier>{6563843a-5c0a-4165-8347-b8d60c899876}</UniqueIdentifier>
    </Filter>
    <Filter Include="core\util">
      <UniqueIdentifier>{2b2fe948-5c34-4c72-8ae2-744c6aa2bbea}</UniqueIdentifier>
    </Filter>
    <Filter Include="core\log">
      <UniqueIdentifier>{fdc25c02-286c-4689-bdc7-486177ff211a}</UniqueIdentifier>
    </Filter>
    <Filter Include="core\event">
      <UniqueIdentifier>{8e609295-0eae-4461-b222-e249128bcb49}</UniqueIdentifier>
    </Filter>
    <Filter Include="core\io">
      <UniqueIdentifier>{9805e4ac-6f8a-479d-8333-1b7ca1fb79eb}</UniqueIdentifier>
    </Filter>
    <Filter Include="core\containers">
      <UniqueIdentifier>{d05ae743-315c-4109-899f-da419a73fb0c}</UniqueIdentifier>
    </Filter>
    <Filter Include="core\GL">
      <UniqueIdentifier>{ffadd912-8b4b-4120-a8cd-56cb70fbfb6b}</UniqueIdentifier>
    </Filter>
    <Filter Include="core\thirdparty">
      <UniqueIdentifier>{3d7f6b10-f022-4f72-847e-18a6cfdbc34e}</UniqueIdentifier>
    </Filter>
    <Filter Include="core\math">
      <UniqueIdentifier>{399c63e9-5d8d-423a-a7af-e8acde57430c}</UniqueIdentifier>
    </Filter>
  </ItemGroup>
  <ItemGroup>
    <ClInclude Include="CMRSTLAllocator.h">
      <Filter>core\memory</Filter>
    </ClInclude>
    <ClInclude Include="CMRMemoryNedPooling.h">
      <Filter>core\memory</Filter>
    </ClInclude>
    <ClInclude Include="nedmalloc.h">
      <Filter>core\memory\nedmalloc</Filter>
    </ClInclude>
    <ClInclude Include="malloc.c.h">
      <Filter>core\memory\nedmalloc</Filter>
    </ClInclude>
    <ClInclude Include="CMRObject.h">
      <Filter>core\base</Filter>
    </ClInclude>
    <ClInclude Include="CMRMemoryAllocatedObject.h">
      <Filter>core\memory</Filter>
    </ClInclude>
    <ClInclude Include="CMRRef.h">
      <Filter>core\base</Filter>
    </ClInclude>
    <ClInclude Include="CMRMemManager.h">
      <Filter>core\base</Filter>
    </ClInclude>
    <ClInclude Include="CMRDirector.h">
      <Filter>core\render</Filter>
    </ClInclude>
    <ClInclude Include="CMROperationThread.h">
      <Filter>core\thread</Filter>
    </ClInclude>
    <ClInclude Include="CMRCamera.h">
      <Filter>core\render</Filter>
    </ClInclude>
    <ClInclude Include="CMRGraphicsContext.h">
      <Filter>core\render</Filter>
    </ClInclude>
    <ClInclude Include="CMRScene.h">
      <Filter>core\render</Filter>
    </ClInclude>
    <ClInclude Include="CMRView.h">
      <Filter>core\render</Filter>
    </ClInclude>
    <ClInclude Include="CMRFrameStamp.h">
      <Filter>core\render</Filter>
    </ClInclude>
    <ClInclude Include="CMRDatabasePager.h">
      <Filter>core\db</Filter>
    </ClInclude>
    <ClInclude Include="CMRImagePager.h">
      <Filter>core\db</Filter>
    </ClInclude>
    <ClInclude Include="CMRNode.h">
      <Filter>core\render</Filter>
    </ClInclude>
    <ClInclude Include="CMRRender.h">
      <Filter>core\render</Filter>
    </ClInclude>
    <ClInclude Include="CMRViewBase.h">
      <Filter>core\render</Filter>
    </ClInclude>
    <ClInclude Include="WeakPtr.h">
      <Filter>core\util</Filter>
    </ClInclude>
    <ClInclude Include="SmartPtr.h">
      <Filter>core\util</Filter>
    </ClInclude>
    <ClInclude Include="CMRMacroUtil.h">
      <Filter>core\util</Filter>
    </ClInclude>
    <ClInclude Include="CMRCallback.h">
      <Filter>core\render</Filter>
    </ClInclude>
    <ClInclude Include="CMRViewport.h">
      <Filter>core\render</Filter>
    </ClInclude>
    <ClInclude Include="CMRImage.h">
      <Filter>core\render</Filter>
    </ClInclude>
    <ClInclude Include="CMRConfigMacros.h">
      <Filter>core\config</Filter>
    </ClInclude>
    <ClInclude Include="CMRConfig.h">
      <Filter>core\config</Filter>
    </ClInclude>
    <ClInclude Include="vmath.h">
      <Filter>core\math</Filter>
    </ClInclude>
    <ClInclude Include="CMRImageLoader.h">
      <Filter>core\util</Filter>
    </ClInclude>
    <ClInclude Include="CMRFile.h">
      <Filter>core\io</Filter>
    </ClInclude>
    <ClInclude Include="CMRTGAImageLoader.h">
      <Filter>core\util</Filter>
    </ClInclude>
    <ClInclude Include="CMRLog.h">
      <Filter>core\log</Filter>
    </ClInclude>
    <ClInclude Include="CMRTimer.h">
      <Filter>core\util</Filter>
    </ClInclude>
    <ClInclude Include="CMRPrerequisites.h">
      <Filter>core\base</Filter>
    </ClInclude>
    <ClInclude Include="CMRThirdPartyConfig.h">
      <Filter>core\config</Filter>
    </ClInclude>
    <ClInclude Include="CMRStdConfig.h">
      <Filter>core\config</Filter>
    </ClInclude>
    <ClInclude Include="CMRBoostConfig.h">
      <Filter>core\config</Filter>
    </ClInclude>
    <ClInclude Include="CMRLogConfig.h">
      <Filter>core\config</Filter>
    </ClInclude>
    <ClInclude Include="CMRMemoryAllocatorConfig.h">
      <Filter>core\config</Filter>
    </ClInclude>
    <ClInclude Include="CMRGLConfig.h">
      <Filter>core\config</Filter>
    </ClInclude>
    <ClInclude Include="CMRContainerConfig.h">
      <Filter>core\containers</Filter>
    </ClInclude>
    <ClInclude Include="CMRTexture.h">
      <Filter>core\render</Filter>
    </ClInclude>
    <ClInclude Include="CMRDrawable.h">
      <Filter>core\render</Filter>
    </ClInclude>
    <ClInclude Include="CMRShader.h">
      <Filter>core\render</Filter>
    </ClInclude>
    <ClInclude Include="CMRProgram.h">
      <Filter>core\render</Filter>
    </ClInclude>
    <ClInclude Include="CMRRenderLeaf.h">
      <Filter>core\render</Filter>
    </ClInclude>
    <ClInclude Include="CMRImpotedModel.h">
      <Filter>core\render</Filter>
    </ClInclude>
    <ClInclude Include="CMRRenderStage.h">
      <Filter>core\render</Filter>
    </ClInclude>
    <ClInclude Include="CMRRenderBin.h">
      <Filter>core\render</Filter>
    </ClInclude>
    <ClInclude Include="CMRUniform.h">
      <Filter>core\render</Filter>
    </ClInclude>
    <ClInclude Include="CMRStateGraph.h">
      <Filter>core\render</Filter>
    </ClInclude>
    <ClInclude Include="CMRStateGraphNode.h">
      <Filter>core\render</Filter>
    </ClInclude>
    <ClInclude Include="CMRSingleton.h">
      <Filter>core\render</Filter>
    </ClInclude>
  </ItemGroup>
  <ItemGroup>
    <ClCompile Include="CMRMemoryNedPooling.cpp">
      <Filter>core\memory</Filter>
    </ClCompile>
    <ClCompile Include="test1.cpp">
      <Filter>源文件</Filter>
    </ClCompile>
    <ClCompile Include="nedmalloc.c">
      <Filter>core\memory\nedmalloc</Filter>
    </ClCompile>
    <ClCompile Include="CMRMemManager.cpp">
      <Filter>core\base</Filter>
    </ClCompile>
    <ClCompile Include="CMRRef.cpp">
      <Filter>core\base</Filter>
    </ClCompile>
    <ClCompile Include="CMRObject.cpp">
      <Filter>core\base</Filter>
    </ClCompile>
    <ClCompile Include="CMRDirector.cpp">
      <Filter>core\render</Filter>
    </ClCompile>
    <ClCompile Include="CMRView.cpp">
      <Filter>core\render</Filter>
    </ClCompile>
    <ClCompile Include="CMRViewBase.cpp">
      <Filter>core\render</Filter>
    </ClCompile>
    <ClCompile Include="CMRNode.cpp">
      <Filter>core\render</Filter>
    </ClCompile>
    <ClCompile Include="CMRCamera.cpp">
      <Filter>core\render</Filter>
    </ClCompile>
    <ClCompile Include="CMRImageLoader.cpp">
      <Filter>core\util</Filter>
    </ClCompile>
    <ClCompile Include="CMRImagePager.cpp">
      <Filter>core\db</Filter>
    </ClCompile>
    <ClCompile Include="CMRTexture.cpp">
      <Filter>core\render</Filter>
    </ClCompile>
    <ClCompile Include="CMRTGAImageLoader.cpp">
      <Filter>core\util</Filter>
    </ClCompile>
    <ClCompile Include="CMRImage.cpp">
      <Filter>core\render</Filter>
    </ClCompile>
    <ClCompile Include="CMRCallback.cpp">
      <Filter>core\render</Filter>
    </ClCompile>
    <ClCompile Include="CMRImpotedModel.cpp">
      <Filter>core\render</Filter>
    </ClCompile>
    <ClCompile Include="CMRDrawable.cpp">
      <Filter>core\render</Filter>
    </ClCompile>
    <ClCompile Include="CMRFrameStamp.cpp">
      <Filter>core\render</Filter>
    </ClCompile>
    <ClCompile Include="CMRShader.cpp">
      <Filter>core\render</Filter>
    </ClCompile>
    <ClCompile Include="CMRGraphicsContext.cpp">
      <Filter>core\render</Filter>
    </ClCompile>
    <ClCompile Include="CMRFile.cpp">
      <Filter>core\io</Filter>
    </ClCompile>
    <ClCompile Include="CMRProgram.cpp">
      <Filter>core\render</Filter>
    </ClCompile>
    <ClCompile Include="CMRRender.cpp">
      <Filter>core\render</Filter>
    </ClCompile>
    <ClCompile Include="CMRViewport.cpp">
      <Filter>core\render</Filter>
    </ClCompile>
    <ClCompile Include="CMRRenderBin.cpp">
      <Filter>core\render</Filter>
    </ClCompile>
    <ClCompile Include="CMRRenderLeaf.cpp">
      <Filter>core\render</Filter>
    </ClCompile>
    <ClCompile Include="CMRRenderStage.cpp">
      <Filter>core\render</Filter>
    </ClCompile>
    <ClCompile Include="CMRStateGraphNode.cpp">
      <Filter>core\render</Filter>
    </ClCompile>
    <ClCompile Include="CMRUniform.cpp">
      <Filter>core\render</Filter>
    </ClCompile>
    <ClCompile Include="CMRTimer.cpp">
      <Filter>core\util</Filter>
    </ClCompile>
    <ClCompile Include="CMRScene.cpp">
      <Filter>core\render</Filter>
    </ClCompile>
  </ItemGroup>
</Project>